
Microsoft Visual Studio Solution File, Format Version 12.00
# Visual Studio Version 17
VisualStudioVersion = 17.4.33213.308
MinimumVisualStudioVersion = 10.0.40219.1
Project("{9A19103F-16F7-4668-BE54-9A1E7A4F7556}") = "BlazorFileUpload", "BlazorFileUpload\BlazorFileUpload.csproj", "{DB3AEAB6-EFA9-40D1-878D-81E29F173B20}"
EndProject
Project("{FAE04EC0-301F-11D3-BF4B-00C04F79EFBC}") = "BlazorFileUploadLib", "BlazorFileUploadLib\BlazorFileUploadLib.csproj", "{14EFD0FD-1AA8-4EB2-8644-4FF65F711AFB}"
EndProject
Global
	GlobalSection(SolutionConfigurationPlatforms) = preSolution
		Debug|Any CPU = Debug|Any CPU
		Release|Any CPU = Release|Any CPU
	EndGlobalSection
	GlobalSection(ProjectConfigurationPlatforms) = postSolution
		{DB3AEAB6-EFA9-40D1-878D-81E29F173B20}.Debug|Any CPU.ActiveCfg = Debug|Any CPU
		{DB3AEAB6-EFA9-40D1-878D-81E29F173B20}.Debug|Any CPU.Build.0 = Debug|Any CPU
		{DB3AEAB6-EFA9-40D1-878D-81E29F173B20}.Release|Any CPU.ActiveCfg = Release|Any CPU
		{DB3AEAB6-EFA9-40D1-878D-81E29F173B20}.Release|Any CPU.Build.0 = Release|Any CPU
		{14EFD0FD-1AA8-4EB2-8644-4FF65F711AFB}.Debug|Any CPU.ActiveCfg = Debug|Any CPU
		{14EFD0FD-1AA8-4EB2-8644-4FF65F711AFB}.Debug|Any CPU.Build.0 = Debug|Any CPU
		{14EFD0FD-1AA8-4EB2-8644-4FF65F711AFB}.Release|Any CPU.ActiveCfg = Release|Any CPU
		{14EFD0FD-1AA8-4EB2-8644-4FF65F711AFB}.Release|Any CPU.Build.0 = Release|Any CPU
	EndGlobalSection
	GlobalSection(SolutionProperties) = preSolution
		HideSolutionNode = FALSE
	EndGlobalSection
	GlobalSection(ExtensibilityGlobals) = postSolution
		SolutionGuid = {CF8F57BA-8501-4389-AC5A-36731556844F}
	EndGlobalSection
EndGlobal
